// !$*UTF8*$!
{
	archiveVersion = 1;
	classes = {
	};
	objectVersion = 48;
	objects = {

/* Begin PBXBuildFile section */
		543016D82BA219115B3991AD /* Pods_Log_Reader.framework in Frameworks */ = {isa = PBXBuildFile; fileRef = BEC2BF50403DF5BD06D44225 /* Pods_Log_Reader.framework */; };
		B202A05E1FCF41CA0070D5DC /* CloudKit.framework in Frameworks */ = {isa = PBXBuildFile; fileRef = B202A05D1FCF41CA0070D5DC /* CloudKit.framework */; };
		B2B3EAD21FC91DA7005E7989 /* String Extensions.swift in Sources */ = {isa = PBXBuildFile; fileRef = B2B3EACE1FC91DA7005E7989 /* String Extensions.swift */; };
		B2B3EAD31FC91DA7005E7989 /* Scorecard UI.swift in Sources */ = {isa = PBXBuildFile; fileRef = B2B3EACF1FC91DA7005E7989 /* Scorecard UI.swift */; };
		B2B3EAD41FC91DA7005E7989 /* Alert.swift in Sources */ = {isa = PBXBuildFile; fileRef = B2B3EAD01FC91DA7005E7989 /* Alert.swift */; };
		B2B3EAD51FC91DA7005E7989 /* Utility Library.swift in Sources */ = {isa = PBXBuildFile; fileRef = B2B3EAD11FC91DA7005E7989 /* Utility Library.swift */; };
		B2F42CB81FB4190500E65C27 /* AppDelegate.swift in Sources */ = {isa = PBXBuildFile; fileRef = B2F42CB71FB4190500E65C27 /* AppDelegate.swift */; };
		B2F42CBA1FB4190500E65C27 /* Log Reader ViewController.swift in Sources */ = {isa = PBXBuildFile; fileRef = B2F42CB91FB4190500E65C27 /* Log Reader ViewController.swift */; };
		B2F42CBD1FB4190500E65C27 /* Main.storyboard in Resources */ = {isa = PBXBuildFile; fileRef = B2F42CBB1FB4190500E65C27 /* Main.storyboard */; };
		B2F42CBF1FB4190500E65C27 /* Assets.xcassets in Resources */ = {isa = PBXBuildFile; fileRef = B2F42CBE1FB4190500E65C27 /* Assets.xcassets */; };
		B2F42CC21FB4190500E65C27 /* LaunchScreen.storyboard in Resources */ = {isa = PBXBuildFile; fileRef = B2F42CC01FB4190500E65C27 /* LaunchScreen.storyboard */; };
		B2F42CDC1FB4297600E65C27 /* Config Class.swift in Sources */ = {isa = PBXBuildFile; fileRef = B2F42CDB1FB4297600E65C27 /* Config Class.swift */; };
		B2F42CDE1FB4312100E65C27 /* RabbitMQ Reader.swift in Sources */ = {isa = PBXBuildFile; fileRef = B2F42CDD1FB4312100E65C27 /* RabbitMQ Reader.swift */; };
/* End PBXBuildFile section */

/* Begin PBXFileReference section */
		1181772E46E3BCDC68377560 /* Pods-Log Reader.release.xcconfig */ = {isa = PBXFileReference; includeInIndex = 1; lastKnownFileType = text.xcconfig; name = "Pods-Log Reader.release.xcconfig"; path = "Pods/Target Support Files/Pods-Log Reader/Pods-Log Reader.release.xcconfig"; sourceTree = "<group>"; };
		B202A05C1FCF41C40070D5DC /* Log Reader.entitlements */ = {isa = PBXFileReference; lastKnownFileType = text.plist.entitlements; path = "Log Reader.entitlements"; sourceTree = "<group>"; };
		B202A05D1FCF41CA0070D5DC /* CloudKit.framework */ = {isa = PBXFileReference; lastKnownFileType = wrapper.framework; name = CloudKit.framework; path = System/Library/Frameworks/CloudKit.framework; sourceTree = SDKROOT; };
		B2B3EACE1FC91DA7005E7989 /* String Extensions.swift */ = {isa = PBXFileReference; fileEncoding = 4; lastKnownFileType = sourcecode.swift; path = "String Extensions.swift"; sourceTree = "<group>"; };
		B2B3EACF1FC91DA7005E7989 /* Scorecard UI.swift */ = {isa = PBXFileReference; fileEncoding = 4; lastKnownFileType = sourcecode.swift; path = "Scorecard UI.swift"; sourceTree = "<group>"; };
		B2B3EAD01FC91DA7005E7989 /* Alert.swift */ = {isa = PBXFileReference; fileEncoding = 4; lastKnownFileType = sourcecode.swift; path = Alert.swift; sourceTree = "<group>"; };
		B2B3EAD11FC91DA7005E7989 /* Utility Library.swift */ = {isa = PBXFileReference; fileEncoding = 4; lastKnownFileType = sourcecode.swift; path = "Utility Library.swift"; sourceTree = "<group>"; };
		B2F42CB41FB4190500E65C27 /* Log Reader.app */ = {isa = PBXFileReference; explicitFileType = wrapper.application; includeInIndex = 0; path = "Log Reader.app"; sourceTree = BUILT_PRODUCTS_DIR; };
		B2F42CB71FB4190500E65C27 /* AppDelegate.swift */ = {isa = PBXFileReference; lastKnownFileType = sourcecode.swift; path = AppDelegate.swift; sourceTree = "<group>"; };
		B2F42CB91FB4190500E65C27 /* Log Reader ViewController.swift */ = {isa = PBXFileReference; lastKnownFileType = sourcecode.swift; path = "Log Reader ViewController.swift"; sourceTree = "<group>"; };
		B2F42CBC1FB4190500E65C27 /* Base */ = {isa = PBXFileReference; lastKnownFileType = file.storyboard; name = Base; path = Base.lproj/Main.storyboard; sourceTree = "<group>"; };
		B2F42CBE1FB4190500E65C27 /* Assets.xcassets */ = {isa = PBXFileReference; lastKnownFileType = folder.assetcatalog; path = Assets.xcassets; sourceTree = "<group>"; };
		B2F42CC11FB4190500E65C27 /* Base */ = {isa = PBXFileReference; lastKnownFileType = file.storyboard; name = Base; path = Base.lproj/LaunchScreen.storyboard; sourceTree = "<group>"; };
		B2F42CC31FB4190500E65C27 /* Info.plist */ = {isa = PBXFileReference; lastKnownFileType = text.plist.xml; path = Info.plist; sourceTree = "<group>"; };
		B2F42CDB1FB4297600E65C27 /* Config Class.swift */ = {isa = PBXFileReference; lastKnownFileType = sourcecode.swift; path = "Config Class.swift"; sourceTree = "<group>"; };
		B2F42CDD1FB4312100E65C27 /* RabbitMQ Reader.swift */ = {isa = PBXFileReference; lastKnownFileType = sourcecode.swift; path = "RabbitMQ Reader.swift"; sourceTree = "<group>"; };
		BEC2BF50403DF5BD06D44225 /* Pods_Log_Reader.framework */ = {isa = PBXFileReference; explicitFileType = wrapper.framework; includeInIndex = 0; path = Pods_Log_Reader.framework; sourceTree = BUILT_PRODUCTS_DIR; };
		DE056BA8599359F9B44FCEB7 /* Pods-Log Reader.debug.xcconfig */ = {isa = PBXFileReference; includeInIndex = 1; lastKnownFileType = text.xcconfig; name = "Pods-Log Reader.debug.xcconfig"; path = "Pods/Target Support Files/Pods-Log Reader/Pods-Log Reader.debug.xcconfig"; sourceTree = "<group>"; };
/* End PBXFileReference section */

/* Begin PBXFrameworksBuildPhase section */
		B2F42CB11FB4190500E65C27 /* Frameworks */ = {
			isa = PBXFrameworksBuildPhase;
			buildActionMask = 2147483647;
			files = (
				543016D82BA219115B3991AD /* Pods_Log_Reader.framework in Frameworks */,
				B202A05E1FCF41CA0070D5DC /* CloudKit.framework in Frameworks */,
			);
			runOnlyForDeploymentPostprocessing = 0;
		};
/* End PBXFrameworksBuildPhase section */

/* Begin PBXGroup section */
		058ED95D3736BDF1C0B2A218 /* Pods */ = {
			isa = PBXGroup;
			children = (
				DE056BA8599359F9B44FCEB7 /* Pods-Log Reader.debug.xcconfig */,
				1181772E46E3BCDC68377560 /* Pods-Log Reader.release.xcconfig */,
			);
			name = Pods;
			sourceTree = "<group>";
		};
		4953C490977081CD2F3D9A0E /* Frameworks */ = {
			isa = PBXGroup;
			children = (
				B202A05D1FCF41CA0070D5DC /* CloudKit.framework */,
				BEC2BF50403DF5BD06D44225 /* Pods_Log_Reader.framework */,
			);
			name = Frameworks;
			sourceTree = "<group>";
		};
		B202A05F1FD0F4DA0070D5DC /* Standard Components */ = {
			isa = PBXGroup;
			children = (
				B2F42CB71FB4190500E65C27 /* AppDelegate.swift */,
				B202A05C1FCF41C40070D5DC /* Log Reader.entitlements */,
				B2F42CBE1FB4190500E65C27 /* Assets.xcassets */,
				B2F42CC31FB4190500E65C27 /* Info.plist */,
				B2F42CC01FB4190500E65C27 /* LaunchScreen.storyboard */,
			);
			name = "Standard Components";
			sourceTree = "<group>";
		};
		B202A0601FD0F5020070D5DC /* Utility Classes (from Whist) */ = {
			isa = PBXGroup;
			children = (
				B2B3EAD01FC91DA7005E7989 /* Alert.swift */,
				B2B3EACF1FC91DA7005E7989 /* Scorecard UI.swift */,
				B2B3EACE1FC91DA7005E7989 /* String Extensions.swift */,
				B2B3EAD11FC91DA7005E7989 /* Utility Library.swift */,
			);
			name = "Utility Classes (from Whist)";
			sourceTree = "<group>";
		};
		B202A0611FD0F5460070D5DC /* Log Reader */ = {
			isa = PBXGroup;
			children = (
				B2F42CBB1FB4190500E65C27 /* Main.storyboard */,
				B2F42CB91FB4190500E65C27 /* Log Reader ViewController.swift */,
				B2F42CDD1FB4312100E65C27 /* RabbitMQ Reader.swift */,
				B2F42CDB1FB4297600E65C27 /* Config Class.swift */,
			);
			name = "Log Reader";
			sourceTree = "<group>";
		};
		B2F42CAB1FB4190500E65C27 = {
			isa = PBXGroup;
			children = (
				B2F42CB61FB4190500E65C27 /* Log Reader */,
				B2F42CB51FB4190500E65C27 /* Products */,
				058ED95D3736BDF1C0B2A218 /* Pods */,
				4953C490977081CD2F3D9A0E /* Frameworks */,
			);
			sourceTree = "<group>";
		};
		B2F42CB51FB4190500E65C27 /* Products */ = {
			isa = PBXGroup;
			children = (
				B2F42CB41FB4190500E65C27 /* Log Reader.app */,
			);
			name = Products;
			sourceTree = "<group>";
		};
		B2F42CB61FB4190500E65C27 /* Log Reader */ = {
			isa = PBXGroup;
			children = (
				B202A05F1FD0F4DA0070D5DC /* Standard Components */,
				B202A0611FD0F5460070D5DC /* Log Reader */,
				B202A0601FD0F5020070D5DC /* Utility Classes (from Whist) */,
			);
			path = "Log Reader";
			sourceTree = "<group>";
		};
/* End PBXGroup section */

/* Begin PBXNativeTarget section */
		B2F42CB31FB4190500E65C27 /* Log Reader */ = {
			isa = PBXNativeTarget;
			buildConfigurationList = B2F42CC61FB4190500E65C27 /* Build configuration list for PBXNativeTarget "Log Reader" */;
			buildPhases = (
				D8D83F08C21A450A4BB69ACA /* [CP] Check Pods Manifest.lock */,
				B2F42CB01FB4190500E65C27 /* Sources */,
				B2F42CB11FB4190500E65C27 /* Frameworks */,
				B2F42CB21FB4190500E65C27 /* Resources */,
				B4A3F0FFEC2D3BFEA5D3ACF4 /* [CP] Embed Pods Frameworks */,
				6589E29F5B9EEC0ED5D5AD1C /* [CP] Copy Pods Resources */,
			);
			buildRules = (
			);
			dependencies = (
			);
			name = "Log Reader";
			productName = "Log Reader";
			productReference = B2F42CB41FB4190500E65C27 /* Log Reader.app */;
			productType = "com.apple.product-type.application";
		};
/* End PBXNativeTarget section */

/* Begin PBXProject section */
		B2F42CAC1FB4190500E65C27 /* Project object */ = {
			isa = PBXProject;
			attributes = {
				LastSwiftUpdateCheck = 0910;
				LastUpgradeCheck = 0910;
				ORGANIZATIONNAME = "Marc Shearer";
				TargetAttributes = {
					B2F42CB31FB4190500E65C27 = {
						CreatedOnToolsVersion = 9.1;
						ProvisioningStyle = Automatic;
						SystemCapabilities = {
							com.apple.Push = {
								enabled = 1;
							};
							com.apple.iCloud = {
								enabled = 1;
							};
						};
					};
				};
			};
			buildConfigurationList = B2F42CAF1FB4190500E65C27 /* Build configuration list for PBXProject "Log Reader" */;
			compatibilityVersion = "Xcode 8.0";
			developmentRegion = en;
			hasScannedForEncodings = 0;
			knownRegions = (
				en,
				Base,
			);
			mainGroup = B2F42CAB1FB4190500E65C27;
			productRefGroup = B2F42CB51FB4190500E65C27 /* Products */;
			projectDirPath = "";
			projectRoot = "";
			targets = (
				B2F42CB31FB4190500E65C27 /* Log Reader */,
			);
		};
/* End PBXProject section */

/* Begin PBXResourcesBuildPhase section */
		B2F42CB21FB4190500E65C27 /* Resources */ = {
			isa = PBXResourcesBuildPhase;
			buildActionMask = 2147483647;
			files = (
				B2F42CC21FB4190500E65C27 /* LaunchScreen.storyboard in Resources */,
				B2F42CBF1FB4190500E65C27 /* Assets.xcassets in Resources */,
				B2F42CBD1FB4190500E65C27 /* Main.storyboard in Resources */,
			);
			runOnlyForDeploymentPostprocessing = 0;
		};
/* End PBXResourcesBuildPhase section */

/* Begin PBXShellScriptBuildPhase section */
		6589E29F5B9EEC0ED5D5AD1C /* [CP] Copy Pods Resources */ = {
			isa = PBXShellScriptBuildPhase;
			buildActionMask = 2147483647;
			files = (
			);
			inputPaths = (
			);
			name = "[CP] Copy Pods Resources";
			outputPaths = (
			);
			runOnlyForDeploymentPostprocessing = 0;
			shellPath = /bin/sh;
			shellScript = "\"${SRCROOT}/Pods/Target Support Files/Pods-Log Reader/Pods-Log Reader-resources.sh\"\n";
			showEnvVarsInLog = 0;
		};
		B4A3F0FFEC2D3BFEA5D3ACF4 /* [CP] Embed Pods Frameworks */ = {
			isa = PBXShellScriptBuildPhase;
			buildActionMask = 2147483647;
			files = (
			);
			inputPaths = (
				"${SRCROOT}/Pods/Target Support Files/Pods-Log Reader/Pods-Log Reader-frameworks.sh",
				"${BUILT_PRODUCTS_DIR}/CocoaAsyncSocket/CocoaAsyncSocket.framework",
				"${BUILT_PRODUCTS_DIR}/JKVValue/JKVValue.framework",
				"${BUILT_PRODUCTS_DIR}/RMQClient/RMQClient.framework",
			);
			name = "[CP] Embed Pods Frameworks";
			outputPaths = (
				"${TARGET_BUILD_DIR}/${FRAMEWORKS_FOLDER_PATH}/CocoaAsyncSocket.framework",
				"${TARGET_BUILD_DIR}/${FRAMEWORKS_FOLDER_PATH}/JKVValue.framework",
				"${TARGET_BUILD_DIR}/${FRAMEWORKS_FOLDER_PATH}/RMQClient.framework",
			);
			runOnlyForDeploymentPostprocessing = 0;
			shellPath = /bin/sh;
			shellScript = "\"${SRCROOT}/Pods/Target Support Files/Pods-Log Reader/Pods-Log Reader-frameworks.sh\"\n";
			showEnvVarsInLog = 0;
		};
		D8D83F08C21A450A4BB69ACA /* [CP] Check Pods Manifest.lock */ = {
			isa = PBXShellScriptBuildPhase;
			buildActionMask = 2147483647;
			files = (
			);
			inputPaths = (
				"${PODS_PODFILE_DIR_PATH}/Podfile.lock",
				"${PODS_ROOT}/Manifest.lock",
			);
			name = "[CP] Check Pods Manifest.lock";
			outputPaths = (
				"$(DERIVED_FILE_DIR)/Pods-Log Reader-checkManifestLockResult.txt",
			);
			runOnlyForDeploymentPostprocessing = 0;
			shellPath = /bin/sh;
			shellScript = "diff \"${PODS_PODFILE_DIR_PATH}/Podfile.lock\" \"${PODS_ROOT}/Manifest.lock\" > /dev/null\nif [ $? != 0 ] ; then\n    # print error to STDERR\n    echo \"error: The sandbox is not in sync with the Podfile.lock. Run 'pod install' or update your CocoaPods installation.\" >&2\n    exit 1\nfi\n# This output is used by Xcode 'outputs' to avoid re-running this script phase.\necho \"SUCCESS\" > \"${SCRIPT_OUTPUT_FILE_0}\"\n";
			showEnvVarsInLog = 0;
		};
/* End PBXShellScriptBuildPhase section */

/* Begin PBXSourcesBuildPhase section */
		B2F42CB01FB4190500E65C27 /* Sources */ = {
			isa = PBXSourcesBuildPhase;
			buildActionMask = 2147483647;
			files = (
				B2B3EAD21FC91DA7005E7989 /* String Extensions.swift in Sources */,
				B2B3EAD51FC91DA7005E7989 /* Utility Library.swift in Sources */,
				B2F42CBA1FB4190500E65C27 /* Log Reader ViewController.swift in Sources */,
				B2F42CDE1FB4312100E65C27 /* RabbitMQ Reader.swift in Sources */,
				B2F42CDC1FB4297600E65C27 /* Config Class.swift in Sources */,
				B2F42CB81FB4190500E65C27 /* AppDelegate.swift in Sources */,
				B2B3EAD31FC91DA7005E7989 /* Scorecard UI.swift in Sources */,
				B2B3EAD41FC91DA7005E7989 /* Alert.swift in Sources */,
			);
			runOnlyForDeploymentPostprocessing = 0;
		};
/* End PBXSourcesBuildPhase section */

/* Begin PBXVariantGroup section */
		B2F42CBB1FB4190500E65C27 /* Main.storyboard */ = {
			isa = PBXVariantGroup;
			children = (
				B2F42CBC1FB4190500E65C27 /* Base */,
			);
			name = Main.storyboard;
			sourceTree = "<group>";
		};
		B2F42CC01FB4190500E65C27 /* LaunchScreen.storyboard */ = {
			isa = PBXVariantGroup;
			children = (
				B2F42CC11FB4190500E65C27 /* Base */,
			);
			name = LaunchScreen.storyboard;
			sourceTree = "<group>";
		};
/* End PBXVariantGroup section */

/* Begin XCBuildConfiguration section */
		B2F42CC41FB4190500E65C27 /* Debug */ = {
			isa = XCBuildConfiguration;
			buildSettings = {
				ALWAYS_SEARCH_USER_PATHS = NO;
				CLANG_ANALYZER_NONNULL = YES;
				CLANG_ANALYZER_NUMBER_OBJECT_CONVERSION = YES_AGGRESSIVE;
				CLANG_CXX_LANGUAGE_STANDARD = "gnu++14";
				CLANG_CXX_LIBRARY = "libc++";
				CLANG_ENABLE_MODULES = YES;
				CLANG_ENABLE_OBJC_ARC = YES;
				CLANG_WARN_BLOCK_CAPTURE_AUTORELEASING = YES;
				CLANG_WARN_BOOL_CONVERSION = YES;
				CLANG_WARN_COMMA = YES;
				CLANG_WARN_CONSTANT_CONVERSION = YES;
				CLANG_WARN_DIRECT_OBJC_ISA_USAGE = YES_ERROR;
				CLANG_WARN_DOCUMENTATION_COMMENTS = YES;
				CLANG_WARN_EMPTY_BODY = YES;
				CLANG_WARN_ENUM_CONVERSION = YES;
				CLANG_WARN_INFINITE_RECURSION = YES;
				CLANG_WARN_INT_CONVERSION = YES;
				CLANG_WARN_NON_LITERAL_NULL_CONVERSION = YES;
				CLANG_WARN_OBJC_LITERAL_CONVERSION = YES;
				CLANG_WARN_OBJC_ROOT_CLASS = YES_ERROR;
				CLANG_WARN_RANGE_LOOP_ANALYSIS = YES;
				CLANG_WARN_STRICT_PROTOTYPES = YES;
				CLANG_WARN_SUSPICIOUS_MOVE = YES;
				CLANG_WARN_UNGUARDED_AVAILABILITY = YES_AGGRESSIVE;
				CLANG_WARN_UNREACHABLE_CODE = YES;
				CLANG_WARN__DUPLICATE_METHOD_MATCH = YES;
				CODE_SIGN_IDENTITY = "iPhone Developer";
				COPY_PHASE_STRIP = NO;
				DEBUG_INFORMATION_FORMAT = dwarf;
				ENABLE_STRICT_OBJC_MSGSEND = YES;
				ENABLE_TESTABILITY = YES;
				GCC_C_LANGUAGE_STANDARD = gnu11;
				GCC_DYNAMIC_NO_PIC = NO;
				GCC_NO_COMMON_BLOCKS = YES;
				GCC_OPTIMIZATION_LEVEL = 0;
				GCC_PREPROCESSOR_DEFINITIONS = (
					"DEBUG=1",
					"$(inherited)",
				);
				GCC_WARN_64_TO_32_BIT_CONVERSION = YES;
				GCC_WARN_ABOUT_RETURN_TYPE = YES_ERROR;
				GCC_WARN_UNDECLARED_SELECTOR = YES;
				GCC_WARN_UNINITIALIZED_AUTOS = YES_AGGRESSIVE;
				GCC_WARN_UNUSED_FUNCTION = YES;
				GCC_WARN_UNUSED_VARIABLE = YES;
				IPHONEOS_DEPLOYMENT_TARGET = 11.1;
				MTL_ENABLE_DEBUG_INFO = YES;
				ONLY_ACTIVE_ARCH = YES;
				SDKROOT = iphoneos;
				SWIFT_ACTIVE_COMPILATION_CONDITIONS = DEBUG;
				SWIFT_OPTIMIZATION_LEVEL = "-Onone";
			};
			name = Debug;
		};
		B2F42CC51FB4190500E65C27 /* Release */ = {
			isa = XCBuildConfiguration;
			buildSettings = {
				ALWAYS_SEARCH_USER_PATHS = NO;
				CLANG_ANALYZER_NONNULL = YES;
				CLANG_ANALYZER_NUMBER_OBJECT_CONVERSION = YES_AGGRESSIVE;
				CLANG_CXX_LANGUAGE_STANDARD = "gnu++14";
				CLANG_CXX_LIBRARY = "libc++";
				CLANG_ENABLE_MODULES = YES;
				CLANG_ENABLE_OBJC_ARC = YES;
				CLANG_WARN_BLOCK_CAPTURE_AUTORELEASING = YES;
				CLANG_WARN_BOOL_CONVERSION = YES;
				CLANG_WARN_COMMA = YES;
				CLANG_WARN_CONSTANT_CONVERSION = YES;
				CLANG_WARN_DIRECT_OBJC_ISA_USAGE = YES_ERROR;
				CLANG_WARN_DOCUMENTATION_COMMENTS = YES;
				CLANG_WARN_EMPTY_BODY = YES;
				CLANG_WARN_ENUM_CONVERSION = YES;
				CLANG_WARN_INFINITE_RECURSION = YES;
				CLANG_WARN_INT_CONVERSION = YES;
				CLANG_WARN_NON_LITERAL_NULL_CONVERSION = YES;
				CLANG_WARN_OBJC_LITERAL_CONVERSION = YES;
				CLANG_WARN_OBJC_ROOT_CLASS = YES_ERROR;
				CLANG_WARN_RANGE_LOOP_ANALYSIS = YES;
				CLANG_WARN_STRICT_PROTOTYPES = YES;
				CLANG_WARN_SUSPICIOUS_MOVE = YES;
				CLANG_WARN_UNGUARDED_AVAILABILITY = YES_AGGRESSIVE;
				CLANG_WARN_UNREACHABLE_CODE = YES;
				CLANG_WARN__DUPLICATE_METHOD_MATCH = YES;
				CODE_SIGN_IDENTITY = "iPhone Developer";
				COPY_PHASE_STRIP = NO;
				DEBUG_INFORMATION_FORMAT = "dwarf-with-dsym";
				ENABLE_NS_ASSERTIONS = NO;
				ENABLE_STRICT_OBJC_MSGSEND = YES;
				GCC_C_LANGUAGE_STANDARD = gnu11;
				GCC_NO_COMMON_BLOCKS = YES;
				GCC_WARN_64_TO_32_BIT_CONVERSION = YES;
				GCC_WARN_ABOUT_RETURN_TYPE = YES_ERROR;
				GCC_WARN_UNDECLARED_SELECTOR = YES;
				GCC_WARN_UNINITIALIZED_AUTOS = YES_AGGRESSIVE;
				GCC_WARN_UNUSED_FUNCTION = YES;
				GCC_WARN_UNUSED_VARIABLE = YES;
				IPHONEOS_DEPLOYMENT_TARGET = 11.1;
				MTL_ENABLE_DEBUG_INFO = NO;
				SDKROOT = iphoneos;
				SWIFT_OPTIMIZATION_LEVEL = "-Owholemodule";
				VALIDATE_PRODUCT = YES;
			};
			name = Release;
		};
		B2F42CC71FB4190500E65C27 /* Debug */ = {
			isa = XCBuildConfiguration;
			baseConfigurationReference = DE056BA8599359F9B44FCEB7 /* Pods-Log Reader.debug.xcconfig */;
			buildSettings = {
				ASSETCATALOG_COMPILER_APPICON_NAME = AppIcon;
				CODE_SIGN_ENTITLEMENTS = "Log Reader/Log Reader.entitlements";
				CODE_SIGN_STYLE = Automatic;
				DEVELOPMENT_TEAM = 3T7CT2S464;
				INFOPLIST_FILE = "Log Reader/Info.plist";
				LD_RUNPATH_SEARCH_PATHS = "$(inherited) @executable_path/Frameworks";
				PRODUCT_BUNDLE_IDENTIFIER = "MarcShearer.Log-Reader";
				PRODUCT_NAME = "$(TARGET_NAME)";
				SWIFT_VERSION = 4.0;
				TARGETED_DEVICE_FAMILY = "1,2";
			};
			name = Debug;
		};
		B2F42CC81FB4190500E65C27 /* Release */ = {
			isa = XCBuildConfiguration;
			baseConfigurationReference = 1181772E46E3BCDC68377560 /* Pods-Log Reader.release.xcconfig */;
			buildSettings = {
				ASSETCATALOG_COMPILER_APPICON_NAME = AppIcon;
				CODE_SIGN_ENTITLEMENTS = "Log Reader/Log Reader.entitlements";
				CODE_SIGN_STYLE = Automatic;
				DEVELOPMENT_TEAM = 3T7CT2S464;
				INFOPLIST_FILE = "Log Reader/Info.plist";
				LD_RUNPATH_SEARCH_PATHS = "$(inherited) @executable_path/Frameworks";
				PRODUCT_BUNDLE_IDENTIFIER = "MarcShearer.Log-Reader";
				PRODUCT_NAME = "$(TARGET_NAME)";
				SWIFT_VERSION = 4.0;
				TARGETED_DEVICE_FAMILY = "1,2";
			};
			name = Release;
		};
/* End XCBuildConfiguration section */

/* Begin XCConfigurationList section */
		B2F42CAF1FB4190500E65C27 /* Build configuration list for PBXProject "Log Reader" */ = {
			isa = XCConfigurationList;
			buildConfigurations = (
				B2F42CC41FB4190500E65C27 /* Debug */,
				B2F42CC51FB4190500E65C27 /* Release */,
			);
			defaultConfigurationIsVisible = 0;
			defaultConfigurationName = Release;
		};
		B2F42CC61FB4190500E65C27 /* Build configuration list for PBXNativeTarget "Log Reader" */ = {
			isa = XCConfigurationList;
			buildConfigurations = (
				B2F42CC71FB4190500E65C27 /* Debug */,
				B2F42CC81FB4190500E65C27 /* Release */,
			);
			defaultConfigurationIsVisible = 0;
			defaultConfigurationName = Release;
		};
/* End XCConfigurationList section */
	};
	rootObject = B2F42CAC1FB4190500E65C27 /* Project object */;
}
